
Microsoft Visual Studio Solution File, Format Version 12.00
Project("{FAE04EC0-301F-11D3-BF4B-00C04F79EFBC}") = "DBFirst", "DBFirst\DBFirst.csproj", "{C33604C4-87F9-487B-AF8A-E3B4306A12DF}"
EndProject
Global
	GlobalSection(SolutionConfigurationPlatforms) = preSolution
		Debug|Any CPU = Debug|Any CPU
		Release|Any CPU = Release|Any CPU
	EndGlobalSection
	GlobalSection(ProjectConfigurationPlatforms) = postSolution
		{C33604C4-87F9-487B-AF8A-E3B4306A12DF}.Debug|Any CPU.ActiveCfg = Debug|Any CPU
		{C33604C4-87F9-487B-AF8A-E3B4306A12DF}.Debug|Any CPU.Build.0 = Debug|Any CPU
		{C33604C4-87F9-487B-AF8A-E3B4306A12DF}.Release|Any CPU.ActiveCfg = Release|Any CPU
		{C33604C4-87F9-487B-AF8A-E3B4306A12DF}.Release|Any CPU.Build.0 = Release|Any CPU
	EndGlobalSection
EndGlobal
